
Microsoft Visual Studio Solution File, Format Version 12.00
# Visual Studio Version 17
VisualStudioVersion = 17.13.35919.96 d17.13
MinimumVisualStudioVersion = 10.0.40219.1
Project("{FAE04EC0-301F-11D3-BF4B-00C04F79EFBC}") = "Codechallenge_v6", "Codechallenge_v6\Codechallenge_v6.csproj", "{86AE247F-66CE-4E43-B60A-F1171840401F}"
EndProject
Global
	GlobalSection(SolutionConfigurationPlatforms) = preSolution
		Debug|Any CPU = Debug|Any CPU
		Release|Any CPU = Release|Any CPU
	EndGlobalSection
	GlobalSection(ProjectConfigurationPlatforms) = postSolution
		{86AE247F-66CE-4E43-B60A-F1171840401F}.Debug|Any CPU.ActiveCfg = Debug|Any CPU
		{86AE247F-66CE-4E43-B60A-F1171840401F}.Debug|Any CPU.Build.0 = Debug|Any CPU
		{86AE247F-66CE-4E43-B60A-F1171840401F}.Release|Any CPU.ActiveCfg = Release|Any CPU
		{86AE247F-66CE-4E43-B60A-F1171840401F}.Release|Any CPU.Build.0 = Release|Any CPU
	EndGlobalSection
	GlobalSection(SolutionProperties) = preSolution
		HideSolutionNode = FALSE
	EndGlobalSection
	GlobalSection(ExtensibilityGlobals) = postSolution
		SolutionGuid = {92E829DE-EFC9-4701-AF3D-BD53BDFC8DA0}
	EndGlobalSection
EndGlobal
